<?xml version="1.0" encoding="UTF-8" standalone="yes" ?>
<CodeBlocks_project_file>
	<FileVersion major="1" minor="6" />
	<Project>
		<Option title="Zombie" />
		<Option pch_mode="2" />
		<Option compiler="gcc" />
		<Build>
			<Target title="Debug">
				<Option output="bin/Debug/Zombie" prefix_auto="1" extension_auto="1" />
				<Option object_output="obj/Debug/" />
				<Option type="1" />
				<Option compiler="gcc" />
				<Compiler>
					<Add option="-g" />
				</Compiler>
			</Target>
			<Target title="Release">
				<Option output="bin/Release/Zombie" prefix_auto="1" extension_auto="1" />
				<Option object_output="obj/Release/" />
				<Option type="1" />
				<Option compiler="gcc" />
				<Compiler>
					<Add option="-O2" />
				</Compiler>
				<Linker>
					<Add option="-s" />
				</Linker>
			</Target>
		</Build>
		<Compiler>
			<Add option="-std=c++11" />
			<Add option="`sdl-config --cflags`" />
			<Add directory="../SDK/MwLibrary" />
			<Add directory="../SDK/Box2D" />
		</Compiler>
		<Linker>
			<Add option="`sdl-config --libs`" />
			<Add option="-lMwLibrary" />
			<Add option="-lSDL_image" />
			<Add option="-lSDL_ttf" />
			<Add option="-lSDL_mixer" />
			<Add option="-lSDL" />
			<Add option="-lGL" />
			<Add option="-lGLU" />
			<Add library="../SDK/Box2D/libBox2D.a" />
			<Add directory="../SDK/MwLibrary" />
			<Add directory="../SDK/Box2D" />
		</Linker>
		<Unit filename="aibehavior.cpp" />
		<Unit filename="aibehavior.h" />
		<Unit filename="aiplayer.cpp" />
		<Unit filename="aiplayer.h" />
		<Unit filename="auxiliary.cpp" />
		<Unit filename="auxiliary.h" />
		<Unit filename="blood.cpp" />
		<Unit filename="blood.h" />
		<Unit filename="building.h" />
		<Unit filename="bullet.h" />
		<Unit filename="car.h" />
		<Unit filename="caranimation.cpp" />
		<Unit filename="caranimation.h" />
		<Unit filename="gamefont.cpp" />
		<Unit filename="gamefont.h" />
		<Unit filename="gamesound.cpp" />
		<Unit filename="gamesound.h" />
		<Unit filename="gamesprite.cpp" />
		<Unit filename="gamesprite.h" />
		<Unit filename="graphictask.cpp" />
		<Unit filename="graphictask.h" />
		<Unit filename="humananimation.cpp" />
		<Unit filename="humananimation.h" />
		<Unit filename="humanplayer.h" />
		<Unit filename="input.h" />
		<Unit filename="inputkeyboard.h" />
		<Unit filename="linefeature.h" />
		<Unit filename="main.cpp" />
		<Unit filename="map.cpp" />
		<Unit filename="map.h" />
		<Unit filename="mapeditorwindow.h" />
		<Unit filename="movingobject.h" />
		<Unit filename="object.cpp" />
		<Unit filename="object.h" />
		<Unit filename="order.cpp" />
		<Unit filename="order.h" />
		<Unit filename="pathfinder.h" />
		<Unit filename="player.cpp" />
		<Unit filename="player.h" />
		<Unit filename="state.h" />
		<Unit filename="survivaltimer.h" />
		<Unit filename="survivorbehavior.cpp" />
		<Unit filename="survivorbehavior.h" />
		<Unit filename="task.cpp" />
		<Unit filename="task.h" />
		<Unit filename="taskmanager.cpp" />
		<Unit filename="taskmanager.h" />
		<Unit filename="tile.h" />
		<Unit filename="typedefs.h" />
		<Unit filename="unit.cpp" />
		<Unit filename="unit.h" />
		<Unit filename="weapon.h" />
		<Unit filename="weaponobject.h" />
		<Unit filename="zombieanimation.cpp" />
		<Unit filename="zombieanimation.h" />
		<Unit filename="zombiebehavior.cpp" />
		<Unit filename="zombiebehavior.h" />
		<Unit filename="zombiegame.cpp" />
		<Unit filename="zombiegame.h" />
		<Unit filename="zombiewindow.h" />
		<Extensions>
			<code_completion />
			<debugger />
		</Extensions>
	</Project>
</CodeBlocks_project_file>
